{
  "name": "tune-lagoon",
  "version": "1.0.0",
  "lockfileVersion": 1,
  "requires": true,
  "dependencies": {
    "@babel/runtime": {
      "version": "7.15.3",
      "resolved": "https://registry.npmjs.org/@babel/runtime/-/runtime-7.15.3.tgz",
      "integrity": "sha512-OvwMLqNXkCXSz1kSm58sEsNuhqOx/fKpnUnKnFB5v8uDda5bLNEHNgKPvhDN6IU0LDcnHQ90LlJ0Q6jnyBSIBA==",
      "requires": {
        "regenerator-runtime": "^0.13.4"
      }
    },
    "@iconify/icons-mdi": {
      "version": "1.1.18",
      "resolved": "https://registry.npmjs.org/@iconify/icons-mdi/-/icons-mdi-1.1.18.tgz",
      "integrity": "sha512-urdQE/lzWzSuF42oTgVFyABqOJLE/J/2QML0qrhWj390FLAynimYD/viV0Pn+gsgv+wbiwwWowSb1+6GSN8omw=="
    },
    "@iconify/react": {
      "version": "1.1.4",
      "resolved": "https://registry.npmjs.org/@iconify/react/-/react-1.1.4.tgz",
      "integrity": "sha512-oxq8IMOq8q3nKGiDHbQPC8FcFuBsKve68JWBo140d5LRnj0bv5TB/FE/y01ZSvEZ7PlI2HIrnb2qivPN8kTDgw=="
    },
    "react-h5-audio-player": {
      "version": "3.7.1",
      "resolved": "https://registry.npmjs.org/react-h5-audio-player/-/react-h5-audio-player-3.7.1.tgz",
      "integrity": "sha512-MWeMZ/orBXxt48P4SVBUfzRy+lw5acz61nc8mhDzqfE4VP7kPzpAnedGsC7mhu+BKy5/1+nO/0q4FFCuNe6U2Q==",
      "requires": {
        "@babel/runtime": "^7.10.2",
        "@iconify/icons-mdi": "^1.0.46",
        "@iconify/react": "^1.1.3"
      }
    },
    "regenerator-runtime": {
      "version": "0.13.9",
      "resolved": "https://registry.npmjs.org/regenerator-runtime/-/regenerator-runtime-0.13.9.tgz",
      "integrity": "sha512-p3VT+cOEgxFsRRA9X4lkI1E+k2/CtnKtU4gcxyaCUreilL/vqI6CdZ3wxVUx3UOUg+gnUOQQcRI7BmSI656MYA=="
    }
  }
}
